// !$*UTF8*$!
{
	archiveVersion = 1;
	classes = {
	};
	objectVersion = 56;
	objects = {

/* Begin PBXBuildFile section */
		0A546A202BED34C6004EBA3D /* AppDelegate.swift in Sources */ = {isa = PBXBuildFile; fileRef = 0A546A1F2BED34C6004EBA3D /* AppDelegate.swift */; };
		0A546A222BED34C6004EBA3D /* SceneDelegate.swift in Sources */ = {isa = PBXBuildFile; fileRef = 0A546A212BED34C6004EBA3D /* SceneDelegate.swift */; };
		0A546A242BED34C6004EBA3D /* ViewController.swift in Sources */ = {isa = PBXBuildFile; fileRef = 0A546A232BED34C6004EBA3D /* ViewController.swift */; };
		0A546A272BED34C6004EBA3D /* Base in Resources */ = {isa = PBXBuildFile; fileRef = 0A546A262BED34C6004EBA3D /* Base */; };
		0A546A292BED34C7004EBA3D /* Assets.xcassets in Resources */ = {isa = PBXBuildFile; fileRef = 0A546A282BED34C7004EBA3D /* Assets.xcassets */; };
		0A546A2C2BED34C7004EBA3D /* Base in Resources */ = {isa = PBXBuildFile; fileRef = 0A546A2B2BED34C7004EBA3D /* Base */; };
		483A2C5E2BFBF0440005B65E /* View.xib in Resources */ = {isa = PBXBuildFile; fileRef = 483A2C5D2BFBF0440005B65E /* View.xib */; };
		48B68BA82BF6AA4F00D9F0E7 /* AddEventTableViewController.swift in Sources */ = {isa = PBXBuildFile; fileRef = 48B68BA72BF6AA4F00D9F0E7 /* AddEventTableViewController.swift */; };
		48B68BAA2BF6AB7A00D9F0E7 /* SuggestionsViewController.swift in Sources */ = {isa = PBXBuildFile; fileRef = 48B68BA92BF6AB7A00D9F0E7 /* SuggestionsViewController.swift */; };
		674274542BF61665001304A8 /* Home.storyboard in Resources */ = {isa = PBXBuildFile; fileRef = 674274532BF61665001304A8 /* Home.storyboard */; };
		674274562BF6168D001304A8 /* Calendar.storyboard in Resources */ = {isa = PBXBuildFile; fileRef = 674274552BF6168D001304A8 /* Calendar.storyboard */; };
		674274582BF6169D001304A8 /* Wardrobe.storyboard in Resources */ = {isa = PBXBuildFile; fileRef = 674274572BF6169D001304A8 /* Wardrobe.storyboard */; };
		6742745A2BF617B6001304A8 /* HomeViewController.swift in Sources */ = {isa = PBXBuildFile; fileRef = 674274592BF617B6001304A8 /* HomeViewController.swift */; };
		6742745C2BF617E3001304A8 /* CalendarViewController.swift in Sources */ = {isa = PBXBuildFile; fileRef = 6742745B2BF617E3001304A8 /* CalendarViewController.swift */; };
		6742745E2BF617F5001304A8 /* WardrobeViewController.swift in Sources */ = {isa = PBXBuildFile; fileRef = 6742745D2BF617F5001304A8 /* WardrobeViewController.swift */; };
		B12D51732BF67BC8002324F4 /* SuggestionViewController.swift in Sources */ = {isa = PBXBuildFile; fileRef = B12D51722BF67BC8002324F4 /* SuggestionViewController.swift */; };
		B12D51772BF68197002324F4 /* CardCell.swift in Sources */ = {isa = PBXBuildFile; fileRef = B12D51762BF68197002324F4 /* CardCell.swift */; };
		B17E03CF2BFCA69000A647C1 /* MainScreenSuggestion.storyboard in Resources */ = {isa = PBXBuildFile; fileRef = B17E03CE2BFCA69000A647C1 /* MainScreenSuggestion.storyboard */; };
		B1DA6E5F2BFD2B5F00644279 /* ItemDetail.storyboard in Resources */ = {isa = PBXBuildFile; fileRef = B1DA6E5E2BFD2B5F00644279 /* ItemDetail.storyboard */; };
		B1DA6E632BFD3BC000644279 /* ItemDetailViewController.swift in Sources */ = {isa = PBXBuildFile; fileRef = B1DA6E622BFD3BC000644279 /* ItemDetailViewController.swift */; };
		B1DA6E672BFD4FAF00644279 /* DropDownTableViewCell.swift in Sources */ = {isa = PBXBuildFile; fileRef = B1DA6E662BFD4FAF00644279 /* DropDownTableViewCell.swift */; };
/* End PBXBuildFile section */

/* Begin PBXFileReference section */
		0A546A1C2BED34C6004EBA3D /* Armoire.app */ = {isa = PBXFileReference; explicitFileType = wrapper.application; includeInIndex = 0; path = Armoire.app; sourceTree = BUILT_PRODUCTS_DIR; };
		0A546A1F2BED34C6004EBA3D /* AppDelegate.swift */ = {isa = PBXFileReference; lastKnownFileType = sourcecode.swift; path = AppDelegate.swift; sourceTree = "<group>"; };
		0A546A212BED34C6004EBA3D /* SceneDelegate.swift */ = {isa = PBXFileReference; lastKnownFileType = sourcecode.swift; path = SceneDelegate.swift; sourceTree = "<group>"; };
		0A546A232BED34C6004EBA3D /* ViewController.swift */ = {isa = PBXFileReference; lastKnownFileType = sourcecode.swift; path = ViewController.swift; sourceTree = "<group>"; };
		0A546A262BED34C6004EBA3D /* Base */ = {isa = PBXFileReference; lastKnownFileType = file.storyboard; name = Base; path = Base.lproj/Main.storyboard; sourceTree = "<group>"; };
		0A546A282BED34C7004EBA3D /* Assets.xcassets */ = {isa = PBXFileReference; lastKnownFileType = folder.assetcatalog; path = Assets.xcassets; sourceTree = "<group>"; };
		0A546A2B2BED34C7004EBA3D /* Base */ = {isa = PBXFileReference; lastKnownFileType = file.storyboard; name = Base; path = Base.lproj/LaunchScreen.storyboard; sourceTree = "<group>"; };
		0A546A2D2BED34C7004EBA3D /* Info.plist */ = {isa = PBXFileReference; lastKnownFileType = text.plist.xml; path = Info.plist; sourceTree = "<group>"; };
		483A2C5D2BFBF0440005B65E /* View.xib */ = {isa = PBXFileReference; lastKnownFileType = file.xib; path = View.xib; sourceTree = "<group>"; };
		48B68BA72BF6AA4F00D9F0E7 /* AddEventTableViewController.swift */ = {isa = PBXFileReference; lastKnownFileType = sourcecode.swift; path = AddEventTableViewController.swift; sourceTree = "<group>"; };
		48B68BA92BF6AB7A00D9F0E7 /* SuggestionsViewController.swift */ = {isa = PBXFileReference; lastKnownFileType = sourcecode.swift; path = SuggestionsViewController.swift; sourceTree = "<group>"; };
		674274532BF61665001304A8 /* Home.storyboard */ = {isa = PBXFileReference; lastKnownFileType = file.storyboard; path = Home.storyboard; sourceTree = "<group>"; };
		674274552BF6168D001304A8 /* Calendar.storyboard */ = {isa = PBXFileReference; lastKnownFileType = file.storyboard; path = Calendar.storyboard; sourceTree = "<group>"; };
		674274572BF6169D001304A8 /* Wardrobe.storyboard */ = {isa = PBXFileReference; lastKnownFileType = file.storyboard; path = Wardrobe.storyboard; sourceTree = "<group>"; };
		674274592BF617B6001304A8 /* HomeViewController.swift */ = {isa = PBXFileReference; lastKnownFileType = sourcecode.swift; path = HomeViewController.swift; sourceTree = "<group>"; };
		6742745B2BF617E3001304A8 /* CalendarViewController.swift */ = {isa = PBXFileReference; lastKnownFileType = sourcecode.swift; path = CalendarViewController.swift; sourceTree = "<group>"; };
		6742745D2BF617F5001304A8 /* WardrobeViewController.swift */ = {isa = PBXFileReference; lastKnownFileType = sourcecode.swift; path = WardrobeViewController.swift; sourceTree = "<group>"; };
		B12D51722BF67BC8002324F4 /* SuggestionViewController.swift */ = {isa = PBXFileReference; lastKnownFileType = sourcecode.swift; path = SuggestionViewController.swift; sourceTree = "<group>"; };
		B12D51762BF68197002324F4 /* CardCell.swift */ = {isa = PBXFileReference; lastKnownFileType = sourcecode.swift; path = CardCell.swift; sourceTree = "<group>"; };
		B17E03CE2BFCA69000A647C1 /* MainScreenSuggestion.storyboard */ = {isa = PBXFileReference; fileEncoding = 4; lastKnownFileType = file.storyboard; path = MainScreenSuggestion.storyboard; sourceTree = "<group>"; };
		B1DA6E5E2BFD2B5F00644279 /* ItemDetail.storyboard */ = {isa = PBXFileReference; lastKnownFileType = file.storyboard; path = ItemDetail.storyboard; sourceTree = "<group>"; };
		B1DA6E622BFD3BC000644279 /* ItemDetailViewController.swift */ = {isa = PBXFileReference; lastKnownFileType = sourcecode.swift; path = ItemDetailViewController.swift; sourceTree = "<group>"; };
		B1DA6E662BFD4FAF00644279 /* DropDownTableViewCell.swift */ = {isa = PBXFileReference; lastKnownFileType = sourcecode.swift; path = DropDownTableViewCell.swift; sourceTree = "<group>"; };
/* End PBXFileReference section */

/* Begin PBXFrameworksBuildPhase section */
		0A546A192BED34C6004EBA3D /* Frameworks */ = {
			isa = PBXFrameworksBuildPhase;
			buildActionMask = 2147483647;
			files = (
			);
			runOnlyForDeploymentPostprocessing = 0;
		};
/* End PBXFrameworksBuildPhase section */

/* Begin PBXGroup section */
		05A07D4E2BFB1DA2001DD00B /* Home */ = {
			isa = PBXGroup;
			children = (
				483A2C5D2BFBF0440005B65E /* View.xib */,
			);
			path = Home;
			sourceTree = "<group>";
		};
		0A546A132BED34C6004EBA3D = {
			isa = PBXGroup;
			children = (
				0A546A1E2BED34C6004EBA3D /* Armoire */,
				0A546A1D2BED34C6004EBA3D /* Products */,
			);
			sourceTree = "<group>";
		};
		0A546A1D2BED34C6004EBA3D /* Products */ = {
			isa = PBXGroup;
			children = (
				0A546A1C2BED34C6004EBA3D /* Armoire.app */,
			);
			name = Products;
			sourceTree = "<group>";
		};
		0A546A1E2BED34C6004EBA3D /* Armoire */ = {
			isa = PBXGroup;
			children = (
				B1DA6E5D2BFD2B1300644279 /* ItemDetail */,
				05A07D4E2BFB1DA2001DD00B /* Home */,
				B17E03CE2BFCA69000A647C1 /* MainScreenSuggestion.storyboard */,
				0A546A1F2BED34C6004EBA3D /* AppDelegate.swift */,
				0A546A212BED34C6004EBA3D /* SceneDelegate.swift */,
				0A546A252BED34C6004EBA3D /* Main.storyboard */,
				0A546A232BED34C6004EBA3D /* ViewController.swift */,
				674274532BF61665001304A8 /* Home.storyboard */,
				B12D51762BF68197002324F4 /* CardCell.swift */,
				B12D51722BF67BC8002324F4 /* SuggestionViewController.swift */,
				674274592BF617B6001304A8 /* HomeViewController.swift */,
				48B68BA62BF6A90700D9F0E7 /* Calendar */,
				674274572BF6169D001304A8 /* Wardrobe.storyboard */,
				6742745D2BF617F5001304A8 /* WardrobeViewController.swift */,
				0A546A282BED34C7004EBA3D /* Assets.xcassets */,
				0A546A2A2BED34C7004EBA3D /* LaunchScreen.storyboard */,
				0A546A2D2BED34C7004EBA3D /* Info.plist */,
			);
			path = Armoire;
			sourceTree = "<group>";
		};
		48B68BA62BF6A90700D9F0E7 /* Calendar */ = {
			isa = PBXGroup;
			children = (
				674274552BF6168D001304A8 /* Calendar.storyboard */,
				48B68BA92BF6AB7A00D9F0E7 /* SuggestionsViewController.swift */,
				48B68BA72BF6AA4F00D9F0E7 /* AddEventTableViewController.swift */,
				6742745B2BF617E3001304A8 /* CalendarViewController.swift */,
			);
			path = Calendar;
			sourceTree = "<group>";
		};
		B1DA6E5D2BFD2B1300644279 /* ItemDetail */ = {
			isa = PBXGroup;
			children = (
				B1DA6E5E2BFD2B5F00644279 /* ItemDetail.storyboard */,
				B1DA6E662BFD4FAF00644279 /* DropDownTableViewCell.swift */,
				B1DA6E622BFD3BC000644279 /* ItemDetailViewController.swift */,
			);
			path = ItemDetail;
			sourceTree = "<group>";
		};
/* End PBXGroup section */

/* Begin PBXNativeTarget section */
		0A546A1B2BED34C6004EBA3D /* Armoire */ = {
			isa = PBXNativeTarget;
			buildConfigurationList = 0A546A302BED34C7004EBA3D /* Build configuration list for PBXNativeTarget "Armoire" */;
			buildPhases = (
				0A546A182BED34C6004EBA3D /* Sources */,
				0A546A192BED34C6004EBA3D /* Frameworks */,
				0A546A1A2BED34C6004EBA3D /* Resources */,
			);
			buildRules = (
			);
			dependencies = (
			);
			name = Armoire;
			productName = Armoire;
			productReference = 0A546A1C2BED34C6004EBA3D /* Armoire.app */;
			productType = "com.apple.product-type.application";
		};
/* End PBXNativeTarget section */

/* Begin PBXProject section */
		0A546A142BED34C6004EBA3D /* Project object */ = {
			isa = PBXProject;
			attributes = {
				BuildIndependentTargetsInParallel = 1;
				LastSwiftUpdateCheck = 1530;
				LastUpgradeCheck = 1530;
				TargetAttributes = {
					0A546A1B2BED34C6004EBA3D = {
						CreatedOnToolsVersion = 15.3;
					};
				};
			};
			buildConfigurationList = 0A546A172BED34C6004EBA3D /* Build configuration list for PBXProject "Armoire" */;
			compatibilityVersion = "Xcode 14.0";
			developmentRegion = en;
			hasScannedForEncodings = 0;
			knownRegions = (
				en,
				Base,
			);
			mainGroup = 0A546A132BED34C6004EBA3D;
			productRefGroup = 0A546A1D2BED34C6004EBA3D /* Products */;
			projectDirPath = "";
			projectRoot = "";
			targets = (
				0A546A1B2BED34C6004EBA3D /* Armoire */,
			);
		};
/* End PBXProject section */

/* Begin PBXResourcesBuildPhase section */
		0A546A1A2BED34C6004EBA3D /* Resources */ = {
			isa = PBXResourcesBuildPhase;
			buildActionMask = 2147483647;
			files = (
				483A2C5E2BFBF0440005B65E /* View.xib in Resources */,
				0A546A292BED34C7004EBA3D /* Assets.xcassets in Resources */,
				0A546A2C2BED34C7004EBA3D /* Base in Resources */,
				B17E03CF2BFCA69000A647C1 /* MainScreenSuggestion.storyboard in Resources */,
				0A546A272BED34C6004EBA3D /* Base in Resources */,
				674274562BF6168D001304A8 /* Calendar.storyboard in Resources */,
				674274582BF6169D001304A8 /* Wardrobe.storyboard in Resources */,
				B1DA6E5F2BFD2B5F00644279 /* ItemDetail.storyboard in Resources */,
				674274542BF61665001304A8 /* Home.storyboard in Resources */,
			);
			runOnlyForDeploymentPostprocessing = 0;
		};
/* End PBXResourcesBuildPhase section */

/* Begin PBXSourcesBuildPhase section */
		0A546A182BED34C6004EBA3D /* Sources */ = {
			isa = PBXSourcesBuildPhase;
			buildActionMask = 2147483647;
			files = (
				B12D51732BF67BC8002324F4 /* SuggestionViewController.swift in Sources */,
				6742745C2BF617E3001304A8 /* CalendarViewController.swift in Sources */,
				B1DA6E632BFD3BC000644279 /* ItemDetailViewController.swift in Sources */,
				0A546A242BED34C6004EBA3D /* ViewController.swift in Sources */,
				B12D51772BF68197002324F4 /* CardCell.swift in Sources */,
				6742745E2BF617F5001304A8 /* WardrobeViewController.swift in Sources */,
				0A546A202BED34C6004EBA3D /* AppDelegate.swift in Sources */,
				48B68BAA2BF6AB7A00D9F0E7 /* SuggestionsViewController.swift in Sources */,
				0A546A222BED34C6004EBA3D /* SceneDelegate.swift in Sources */,
				6742745A2BF617B6001304A8 /* HomeViewController.swift in Sources */,
				B1DA6E672BFD4FAF00644279 /* DropDownTableViewCell.swift in Sources */,
				48B68BA82BF6AA4F00D9F0E7 /* AddEventTableViewController.swift in Sources */,
			);
			runOnlyForDeploymentPostprocessing = 0;
		};
/* End PBXSourcesBuildPhase section */

/* Begin PBXVariantGroup section */
		0A546A252BED34C6004EBA3D /* Main.storyboard */ = {
			isa = PBXVariantGroup;
			children = (
				0A546A262BED34C6004EBA3D /* Base */,
			);
			name = Main.storyboard;
			sourceTree = "<group>";
		};
		0A546A2A2BED34C7004EBA3D /* LaunchScreen.storyboard */ = {
			isa = PBXVariantGroup;
			children = (
				0A546A2B2BED34C7004EBA3D /* Base */,
			);
			name = LaunchScreen.storyboard;
			sourceTree = "<group>";
		};
/* End PBXVariantGroup section */

/* Begin XCBuildConfiguration section */
		0A546A2E2BED34C7004EBA3D /* Debug */ = {
			isa = XCBuildConfiguration;
			buildSettings = {
				ALWAYS_SEARCH_USER_PATHS = NO;
				ASSETCATALOG_COMPILER_GENERATE_SWIFT_ASSET_SYMBOL_EXTENSIONS = YES;
				CLANG_ANALYZER_NONNULL = YES;
				CLANG_ANALYZER_NUMBER_OBJECT_CONVERSION = YES_AGGRESSIVE;
				CLANG_CXX_LANGUAGE_STANDARD = "gnu++20";
				CLANG_ENABLE_MODULES = YES;
				CLANG_ENABLE_OBJC_ARC = YES;
				CLANG_ENABLE_OBJC_WEAK = YES;
				CLANG_WARN_BLOCK_CAPTURE_AUTORELEASING = YES;
				CLANG_WARN_BOOL_CONVERSION = YES;
				CLANG_WARN_COMMA = YES;
				CLANG_WARN_CONSTANT_CONVERSION = YES;
				CLANG_WARN_DEPRECATED_OBJC_IMPLEMENTATIONS = YES;
				CLANG_WARN_DIRECT_OBJC_ISA_USAGE = YES_ERROR;
				CLANG_WARN_DOCUMENTATION_COMMENTS = YES;
				CLANG_WARN_EMPTY_BODY = YES;
				CLANG_WARN_ENUM_CONVERSION = YES;
				CLANG_WARN_INFINITE_RECURSION = YES;
				CLANG_WARN_INT_CONVERSION = YES;
				CLANG_WARN_NON_LITERAL_NULL_CONVERSION = YES;
				CLANG_WARN_OBJC_IMPLICIT_RETAIN_SELF = YES;
				CLANG_WARN_OBJC_LITERAL_CONVERSION = YES;
				CLANG_WARN_OBJC_ROOT_CLASS = YES_ERROR;
				CLANG_WARN_QUOTED_INCLUDE_IN_FRAMEWORK_HEADER = YES;
				CLANG_WARN_RANGE_LOOP_ANALYSIS = YES;
				CLANG_WARN_STRICT_PROTOTYPES = YES;
				CLANG_WARN_SUSPICIOUS_MOVE = YES;
				CLANG_WARN_UNGUARDED_AVAILABILITY = YES_AGGRESSIVE;
				CLANG_WARN_UNREACHABLE_CODE = YES;
				CLANG_WARN__DUPLICATE_METHOD_MATCH = YES;
				COPY_PHASE_STRIP = NO;
				DEBUG_INFORMATION_FORMAT = dwarf;
				ENABLE_STRICT_OBJC_MSGSEND = YES;
				ENABLE_TESTABILITY = YES;
				ENABLE_USER_SCRIPT_SANDBOXING = YES;
				GCC_C_LANGUAGE_STANDARD = gnu17;
				GCC_DYNAMIC_NO_PIC = NO;
				GCC_NO_COMMON_BLOCKS = YES;
				GCC_OPTIMIZATION_LEVEL = 0;
				GCC_PREPROCESSOR_DEFINITIONS = (
					"DEBUG=1",
					"$(inherited)",
				);
				GCC_WARN_64_TO_32_BIT_CONVERSION = YES;
				GCC_WARN_ABOUT_RETURN_TYPE = YES_ERROR;
				GCC_WARN_UNDECLARED_SELECTOR = YES;
				GCC_WARN_UNINITIALIZED_AUTOS = YES_AGGRESSIVE;
				GCC_WARN_UNUSED_FUNCTION = YES;
				GCC_WARN_UNUSED_VARIABLE = YES;
				IPHONEOS_DEPLOYMENT_TARGET = 17.4;
				LOCALIZATION_PREFERS_STRING_CATALOGS = YES;
				MTL_ENABLE_DEBUG_INFO = INCLUDE_SOURCE;
				MTL_FAST_MATH = YES;
				ONLY_ACTIVE_ARCH = YES;
				SDKROOT = iphoneos;
				SWIFT_ACTIVE_COMPILATION_CONDITIONS = "DEBUG $(inherited)";
				SWIFT_OPTIMIZATION_LEVEL = "-Onone";
			};
			name = Debug;
		};
		0A546A2F2BED34C7004EBA3D /* Release */ = {
			isa = XCBuildConfiguration;
			buildSettings = {
				ALWAYS_SEARCH_USER_PATHS = NO;
				ASSETCATALOG_COMPILER_GENERATE_SWIFT_ASSET_SYMBOL_EXTENSIONS = YES;
				CLANG_ANALYZER_NONNULL = YES;
				CLANG_ANALYZER_NUMBER_OBJECT_CONVERSION = YES_AGGRESSIVE;
				CLANG_CXX_LANGUAGE_STANDARD = "gnu++20";
				CLANG_ENABLE_MODULES = YES;
				CLANG_ENABLE_OBJC_ARC = YES;
				CLANG_ENABLE_OBJC_WEAK = YES;
				CLANG_WARN_BLOCK_CAPTURE_AUTORELEASING = YES;
				CLANG_WARN_BOOL_CONVERSION = YES;
				CLANG_WARN_COMMA = YES;
				CLANG_WARN_CONSTANT_CONVERSION = YES;
				CLANG_WARN_DEPRECATED_OBJC_IMPLEMENTATIONS = YES;
				CLANG_WARN_DIRECT_OBJC_ISA_USAGE = YES_ERROR;
				CLANG_WARN_DOCUMENTATION_COMMENTS = YES;
				CLANG_WARN_EMPTY_BODY = YES;
				CLANG_WARN_ENUM_CONVERSION = YES;
				CLANG_WARN_INFINITE_RECURSION = YES;
				CLANG_WARN_INT_CONVERSION = YES;
				CLANG_WARN_NON_LITERAL_NULL_CONVERSION = YES;
				CLANG_WARN_OBJC_IMPLICIT_RETAIN_SELF = YES;
				CLANG_WARN_OBJC_LITERAL_CONVERSION = YES;
				CLANG_WARN_OBJC_ROOT_CLASS = YES_ERROR;
				CLANG_WARN_QUOTED_INCLUDE_IN_FRAMEWORK_HEADER = YES;
				CLANG_WARN_RANGE_LOOP_ANALYSIS = YES;
				CLANG_WARN_STRICT_PROTOTYPES = YES;
				CLANG_WARN_SUSPICIOUS_MOVE = YES;
				CLANG_WARN_UNGUARDED_AVAILABILITY = YES_AGGRESSIVE;
				CLANG_WARN_UNREACHABLE_CODE = YES;
				CLANG_WARN__DUPLICATE_METHOD_MATCH = YES;
				COPY_PHASE_STRIP = NO;
				DEBUG_INFORMATION_FORMAT = "dwarf-with-dsym";
				ENABLE_NS_ASSERTIONS = NO;
				ENABLE_STRICT_OBJC_MSGSEND = YES;
				ENABLE_USER_SCRIPT_SANDBOXING = YES;
				GCC_C_LANGUAGE_STANDARD = gnu17;
				GCC_NO_COMMON_BLOCKS = YES;
				GCC_WARN_64_TO_32_BIT_CONVERSION = YES;
				GCC_WARN_ABOUT_RETURN_TYPE = YES_ERROR;
				GCC_WARN_UNDECLARED_SELECTOR = YES;
				GCC_WARN_UNINITIALIZED_AUTOS = YES_AGGRESSIVE;
				GCC_WARN_UNUSED_FUNCTION = YES;
				GCC_WARN_UNUSED_VARIABLE = YES;
				IPHONEOS_DEPLOYMENT_TARGET = 17.4;
				LOCALIZATION_PREFERS_STRING_CATALOGS = YES;
				MTL_ENABLE_DEBUG_INFO = NO;
				MTL_FAST_MATH = YES;
				SDKROOT = iphoneos;
				SWIFT_COMPILATION_MODE = wholemodule;
				VALIDATE_PRODUCT = YES;
			};
			name = Release;
		};
		0A546A312BED34C7004EBA3D /* Debug */ = {
			isa = XCBuildConfiguration;
			buildSettings = {
				ASSETCATALOG_COMPILER_APPICON_NAME = AppIcon;
				ASSETCATALOG_COMPILER_GLOBAL_ACCENT_COLOR_NAME = AccentColor;
				CODE_SIGN_STYLE = Automatic;
				CURRENT_PROJECT_VERSION = 1;
				GENERATE_INFOPLIST_FILE = YES;
				INFOPLIST_FILE = Armoire/Info.plist;
				INFOPLIST_KEY_UIApplicationSupportsIndirectInputEvents = YES;
				INFOPLIST_KEY_UILaunchStoryboardName = LaunchScreen;
				INFOPLIST_KEY_UIMainStoryboardFile = Main;
				INFOPLIST_KEY_UISupportedInterfaceOrientations_iPad = "UIInterfaceOrientationPortrait UIInterfaceOrientationPortraitUpsideDown UIInterfaceOrientationLandscapeLeft UIInterfaceOrientationLandscapeRight";
				INFOPLIST_KEY_UISupportedInterfaceOrientations_iPhone = "UIInterfaceOrientationPortrait UIInterfaceOrientationLandscapeLeft UIInterfaceOrientationLandscapeRight";
				LD_RUNPATH_SEARCH_PATHS = (
					"$(inherited)",
					"@executable_path/Frameworks",
				);
				MARKETING_VERSION = 1.0;
				PRODUCT_BUNDLE_IDENTIFIER = teamgg.Armoire;
				PRODUCT_NAME = "$(TARGET_NAME)";
				SWIFT_EMIT_LOC_STRINGS = YES;
				SWIFT_VERSION = 5.0;
				TARGETED_DEVICE_FAMILY = "1,2";
			};
			name = Debug;
		};
		0A546A322BED34C7004EBA3D /* Release */ = {
			isa = XCBuildConfiguration;
			buildSettings = {
				ASSETCATALOG_COMPILER_APPICON_NAME = AppIcon;
				ASSETCATALOG_COMPILER_GLOBAL_ACCENT_COLOR_NAME = AccentColor;
				CODE_SIGN_STYLE = Automatic;
				CURRENT_PROJECT_VERSION = 1;
				GENERATE_INFOPLIST_FILE = YES;
				INFOPLIST_FILE = Armoire/Info.plist;
				INFOPLIST_KEY_UIApplicationSupportsIndirectInputEvents = YES;
				INFOPLIST_KEY_UILaunchStoryboardName = LaunchScreen;
				INFOPLIST_KEY_UIMainStoryboardFile = Main;
				INFOPLIST_KEY_UISupportedInterfaceOrientations_iPad = "UIInterfaceOrientationPortrait UIInterfaceOrientationPortraitUpsideDown UIInterfaceOrientationLandscapeLeft UIInterfaceOrientationLandscapeRight";
				INFOPLIST_KEY_UISupportedInterfaceOrientations_iPhone = "UIInterfaceOrientationPortrait UIInterfaceOrientationLandscapeLeft UIInterfaceOrientationLandscapeRight";
				LD_RUNPATH_SEARCH_PATHS = (
					"$(inherited)",
					"@executable_path/Frameworks",
				);
				MARKETING_VERSION = 1.0;
				PRODUCT_BUNDLE_IDENTIFIER = teamgg.Armoire;
				PRODUCT_NAME = "$(TARGET_NAME)";
				SWIFT_EMIT_LOC_STRINGS = YES;
				SWIFT_VERSION = 5.0;
				TARGETED_DEVICE_FAMILY = "1,2";
			};
			name = Release;
		};
/* End XCBuildConfiguration section */

/* Begin XCConfigurationList section */
		0A546A172BED34C6004EBA3D /* Build configuration list for PBXProject "Armoire" */ = {
			isa = XCConfigurationList;
			buildConfigurations = (
				0A546A2E2BED34C7004EBA3D /* Debug */,
				0A546A2F2BED34C7004EBA3D /* Release */,
			);
			defaultConfigurationIsVisible = 0;
			defaultConfigurationName = Release;
		};
		0A546A302BED34C7004EBA3D /* Build configuration list for PBXNativeTarget "Armoire" */ = {
			isa = XCConfigurationList;
			buildConfigurations = (
				0A546A312BED34C7004EBA3D /* Debug */,
				0A546A322BED34C7004EBA3D /* Release */,
			);
			defaultConfigurationIsVisible = 0;
			defaultConfigurationName = Release;
		};
/* End XCConfigurationList section */
	};
	rootObject = 0A546A142BED34C6004EBA3D /* Project object */;
}
