// !$*UTF8*$!
{
	archiveVersion = 1;
	classes = {
	};
	objectVersion = 56;
	objects = {

/* Begin PBXBuildFile section */
		0A546A202BED34C6004EBA3D /* AppDelegate.swift in Sources */ = {isa = PBXBuildFile; fileRef = 0A546A1F2BED34C6004EBA3D /* AppDelegate.swift */; };
		0A546A222BED34C6004EBA3D /* SceneDelegate.swift in Sources */ = {isa = PBXBuildFile; fileRef = 0A546A212BED34C6004EBA3D /* SceneDelegate.swift */; };
		0A546A242BED34C6004EBA3D /* ViewController.swift in Sources */ = {isa = PBXBuildFile; fileRef = 0A546A232BED34C6004EBA3D /* ViewController.swift */; };
		0A546A272BED34C6004EBA3D /* Base in Resources */ = {isa = PBXBuildFile; fileRef = 0A546A262BED34C6004EBA3D /* Base */; };
		0A546A292BED34C7004EBA3D /* Assets.xcassets in Resources */ = {isa = PBXBuildFile; fileRef = 0A546A282BED34C7004EBA3D /* Assets.xcassets */; };
		0A546A2C2BED34C7004EBA3D /* Base in Resources */ = {isa = PBXBuildFile; fileRef = 0A546A2B2BED34C7004EBA3D /* Base */; };
		4804B2F92C01D55E00FAC9A3 /* ProfileTab.storyboard in Resources */ = {isa = PBXBuildFile; fileRef = 4804B2F82C01D55E00FAC9A3 /* ProfileTab.storyboard */; };
		4817FA182C08EA2900BE06A8 /* EventFullDetails.storyboard in Resources */ = {isa = PBXBuildFile; fileRef = 4817FA172C08EA2900BE06A8 /* EventFullDetails.storyboard */; };
		4866D7C82C08ECD9007E0279 /* EventFullDetailsViewController.swift in Sources */ = {isa = PBXBuildFile; fileRef = 4866D7C72C08ECD9007E0279 /* EventFullDetailsViewController.swift */; };
		487A828F2BFE2F1A004AF22A /* DetailsTableViewCell.swift in Sources */ = {isa = PBXBuildFile; fileRef = 487A828B2BFE2F1A004AF22A /* DetailsTableViewCell.swift */; };
		487A82902BFE2F1A004AF22A /* DetailsTableViewController.swift in Sources */ = {isa = PBXBuildFile; fileRef = 487A828C2BFE2F1A004AF22A /* DetailsTableViewController.swift */; };
		487A82912BFE2F1A004AF22A /* itemDetails.storyboard in Resources */ = {isa = PBXBuildFile; fileRef = 487A828D2BFE2F1A004AF22A /* itemDetails.storyboard */; };
		4881AA822BFF5DA2008052DF /* EventSugeestions.storyboard in Resources */ = {isa = PBXBuildFile; fileRef = 4881AA812BFF5DA2008052DF /* EventSugeestions.storyboard */; };
		4881AA862BFF6672008052DF /* EventSuggestionsViewController.swift in Sources */ = {isa = PBXBuildFile; fileRef = 4881AA852BFF6672008052DF /* EventSuggestionsViewController.swift */; };
		4881AA882BFF6ADC008052DF /* SuggestionsTag.xib in Resources */ = {isa = PBXBuildFile; fileRef = 4881AA872BFF6ADC008052DF /* SuggestionsTag.xib */; };
		4881AA8A2BFF6B70008052DF /* EventSuggestionsTagCollectionViewCell.swift in Sources */ = {isa = PBXBuildFile; fileRef = 4881AA892BFF6B70008052DF /* EventSuggestionsTagCollectionViewCell.swift */; };
		4881AA8C2BFF6C14008052DF /* SuggestionOutfits.xib in Resources */ = {isa = PBXBuildFile; fileRef = 4881AA8B2BFF6C14008052DF /* SuggestionOutfits.xib */; };
		4881AA8E2BFF6C8D008052DF /* EventSuggestionOutfitsCollectionViewCell.swift in Sources */ = {isa = PBXBuildFile; fileRef = 4881AA8D2BFF6C8D008052DF /* EventSuggestionOutfitsCollectionViewCell.swift */; };
		48D67B532C03534A0096A520 /* ProfileTabViewController.swift in Sources */ = {isa = PBXBuildFile; fileRef = 48D67B522C03534A0096A520 /* ProfileTabViewController.swift */; };
		674274542BF61665001304A8 /* Home.storyboard in Resources */ = {isa = PBXBuildFile; fileRef = 674274532BF61665001304A8 /* Home.storyboard */; };
		674274562BF6168D001304A8 /* Calendar.storyboard in Resources */ = {isa = PBXBuildFile; fileRef = 674274552BF6168D001304A8 /* Calendar.storyboard */; };
		674274582BF6169D001304A8 /* Wardrobe.storyboard in Resources */ = {isa = PBXBuildFile; fileRef = 674274572BF6169D001304A8 /* Wardrobe.storyboard */; };
		6742745A2BF617B6001304A8 /* HomeViewController.swift in Sources */ = {isa = PBXBuildFile; fileRef = 674274592BF617B6001304A8 /* HomeViewController.swift */; };
		6742745C2BF617E3001304A8 /* CalendarViewController.swift in Sources */ = {isa = PBXBuildFile; fileRef = 6742745B2BF617E3001304A8 /* CalendarViewController.swift */; };
		6742745E2BF617F5001304A8 /* WardrobeViewController.swift in Sources */ = {isa = PBXBuildFile; fileRef = 6742745D2BF617F5001304A8 /* WardrobeViewController.swift */; };
		677FAA172C03D0A900E2C783 /* FavouritesViewController.swift in Sources */ = {isa = PBXBuildFile; fileRef = 677FAA162C03D0A900E2C783 /* FavouritesViewController.swift */; };
		679E649A2BFF925500CB211F /* WardrobeTagCollectionViewCell.swift in Sources */ = {isa = PBXBuildFile; fileRef = 679E64992BFF925500CB211F /* WardrobeTagCollectionViewCell.swift */; };
		67A285EA2C022F900086997B /* MainDataModel.swift in Sources */ = {isa = PBXBuildFile; fileRef = 67A285E92C022F900086997B /* MainDataModel.swift */; };
		67A3E4E52C00596500CC5880 /* WardrobeApparel.xib in Resources */ = {isa = PBXBuildFile; fileRef = 67A3E4E42C00596500CC5880 /* WardrobeApparel.xib */; };
		67A3E4E72C0059F200CC5880 /* WardrobeApparelCollectionViewCell.swift in Sources */ = {isa = PBXBuildFile; fileRef = 67A3E4E62C0059F200CC5880 /* WardrobeApparelCollectionViewCell.swift */; };
		67A3E4E92C0063D600CC5880 /* WardrobeTag.xib in Resources */ = {isa = PBXBuildFile; fileRef = 67A3E4E82C0063D600CC5880 /* WardrobeTag.xib */; };
		B12D51732BF67BC8002324F4 /* SuggestionViewController.swift in Sources */ = {isa = PBXBuildFile; fileRef = B12D51722BF67BC8002324F4 /* SuggestionViewController.swift */; };
		B12D51772BF68197002324F4 /* CardCell.swift in Sources */ = {isa = PBXBuildFile; fileRef = B12D51762BF68197002324F4 /* CardCell.swift */; };
		B15F21342C05303B00C46793 /* EventDetails.storyboard in Resources */ = {isa = PBXBuildFile; fileRef = B15F21332C05303B00C46793 /* EventDetails.storyboard */; };
		B19994332C0597FA0045ADD1 /* EventCell.xib in Resources */ = {isa = PBXBuildFile; fileRef = B19994322C0597FA0045ADD1 /* EventCell.xib */; };
		B19994352C05A96B0045ADD1 /* EventCollectionViewCell.swift in Sources */ = {isa = PBXBuildFile; fileRef = B19994342C05A96B0045ADD1 /* EventCollectionViewCell.swift */; };
		B19994372C05B0980045ADD1 /* EventsPageViewController.swift in Sources */ = {isa = PBXBuildFile; fileRef = B19994362C05B0980045ADD1 /* EventsPageViewController.swift */; };
		B19994392C05B7430045ADD1 /* eventsData.swift in Sources */ = {isa = PBXBuildFile; fileRef = B19994382C05B7430045ADD1 /* eventsData.swift */; };
		B1BFFAEA2C023ACA00B2EC9B /* BagPacker.storyboard in Resources */ = {isa = PBXBuildFile; fileRef = B1BFFAE42C023ACA00B2EC9B /* BagPacker.storyboard */; };
		B1BFFAEB2C023ACA00B2EC9B /* clothesCell.xib in Resources */ = {isa = PBXBuildFile; fileRef = B1BFFAE52C023ACA00B2EC9B /* clothesCell.xib */; };
		B1BFFAEC2C023ACA00B2EC9B /* ClothesCellCollectionViewCell.swift in Sources */ = {isa = PBXBuildFile; fileRef = B1BFFAE62C023ACA00B2EC9B /* ClothesCellCollectionViewCell.swift */; };
		B1BFFAED2C023ACA00B2EC9B /* ClothesCellViewController.swift in Sources */ = {isa = PBXBuildFile; fileRef = B1BFFAE72C023ACA00B2EC9B /* ClothesCellViewController.swift */; };
		B1BFFAEE2C023ACA00B2EC9B /* BagPackerDataModel.swift in Sources */ = {isa = PBXBuildFile; fileRef = B1BFFAE82C023ACA00B2EC9B /* BagPackerDataModel.swift */; };
		B1D8004C2C0376D70081F999 /* BagPackerDetailCollectionViewCell.xib in Resources */ = {isa = PBXBuildFile; fileRef = B1D8004B2C0376D70081F999 /* BagPackerDetailCollectionViewCell.xib */; };
		B1D8004E2C0379DD0081F999 /* BagPackerDetailCollectionViewCell.swift in Sources */ = {isa = PBXBuildFile; fileRef = B1D8004D2C0379DD0081F999 /* BagPackerDetailCollectionViewCell.swift */; };
		B1D800502C03AFF00081F999 /* BagPackerDetailViewController.swift in Sources */ = {isa = PBXBuildFile; fileRef = B1D8004F2C03AFF00081F999 /* BagPackerDetailViewController.swift */; };
		BC06A9182BFF60860071F6FE /* MixMatchViewController.swift in Sources */ = {isa = PBXBuildFile; fileRef = BC06A9172BFF60860071F6FE /* MixMatchViewController.swift */; };
		BC06A91A2BFF60980071F6FE /* MixAndMatch.storyboard in Resources */ = {isa = PBXBuildFile; fileRef = BC06A9192BFF60980071F6FE /* MixAndMatch.storyboard */; };
		BC11BC702BFB6AE50093DDBE /* footer.xib in Resources */ = {isa = PBXBuildFile; fileRef = BC11BC6F2BFB6AE50093DDBE /* footer.xib */; };
		BC11BC722BFB6AF00093DDBE /* header.xib in Resources */ = {isa = PBXBuildFile; fileRef = BC11BC712BFB6AF00093DDBE /* header.xib */; };
		BC11BC742BFB6AFA0093DDBE /* image.xib in Resources */ = {isa = PBXBuildFile; fileRef = BC11BC732BFB6AFA0093DDBE /* image.xib */; };
		BC11BC782BFB6B220093DDBE /* footerCollectionViewCell.swift in Sources */ = {isa = PBXBuildFile; fileRef = BC11BC772BFB6B220093DDBE /* footerCollectionViewCell.swift */; };
		BC11BC7A2BFB6B2C0093DDBE /* headerCollectionViewCell.swift in Sources */ = {isa = PBXBuildFile; fileRef = BC11BC792BFB6B2C0093DDBE /* headerCollectionViewCell.swift */; };
		BC11BC7C2BFB6B340093DDBE /* imageCollectionViewCell.swift in Sources */ = {isa = PBXBuildFile; fileRef = BC11BC7B2BFB6B340093DDBE /* imageCollectionViewCell.swift */; };
		BC11BC7E2BFB70530093DDBE /* HomeModel.swift in Sources */ = {isa = PBXBuildFile; fileRef = BC11BC7D2BFB70530093DDBE /* HomeModel.swift */; };
		BC28A2F52C011F02009B833E /* OneImageHome.xib in Resources */ = {isa = PBXBuildFile; fileRef = BC28A2F42C011F02009B833E /* OneImageHome.xib */; };
		BC28A2F72C012089009B833E /* oneImageCVC.swift in Sources */ = {isa = PBXBuildFile; fileRef = BC28A2F62C012089009B833E /* oneImageCVC.swift */; };
		BCCEF7EF2BFD244A00DDC726 /* CompatibilityViewController.swift in Sources */ = {isa = PBXBuildFile; fileRef = BCCEF7EE2BFD244A00DDC726 /* CompatibilityViewController.swift */; };
/* End PBXBuildFile section */

/* Begin PBXFileReference section */
		0A546A1C2BED34C6004EBA3D /* Armoire.app */ = {isa = PBXFileReference; explicitFileType = wrapper.application; includeInIndex = 0; path = Armoire.app; sourceTree = BUILT_PRODUCTS_DIR; };
		0A546A1F2BED34C6004EBA3D /* AppDelegate.swift */ = {isa = PBXFileReference; lastKnownFileType = sourcecode.swift; path = AppDelegate.swift; sourceTree = "<group>"; };
		0A546A212BED34C6004EBA3D /* SceneDelegate.swift */ = {isa = PBXFileReference; lastKnownFileType = sourcecode.swift; path = SceneDelegate.swift; sourceTree = "<group>"; };
		0A546A232BED34C6004EBA3D /* ViewController.swift */ = {isa = PBXFileReference; lastKnownFileType = sourcecode.swift; path = ViewController.swift; sourceTree = "<group>"; };
		0A546A262BED34C6004EBA3D /* Base */ = {isa = PBXFileReference; lastKnownFileType = file.storyboard; name = Base; path = Base.lproj/Main.storyboard; sourceTree = "<group>"; };
		0A546A282BED34C7004EBA3D /* Assets.xcassets */ = {isa = PBXFileReference; lastKnownFileType = folder.assetcatalog; path = Assets.xcassets; sourceTree = "<group>"; };
		0A546A2B2BED34C7004EBA3D /* Base */ = {isa = PBXFileReference; lastKnownFileType = file.storyboard; name = Base; path = Base.lproj/LaunchScreen.storyboard; sourceTree = "<group>"; };
		0A546A2D2BED34C7004EBA3D /* Info.plist */ = {isa = PBXFileReference; lastKnownFileType = text.plist.xml; path = Info.plist; sourceTree = "<group>"; };
		4804B2F82C01D55E00FAC9A3 /* ProfileTab.storyboard */ = {isa = PBXFileReference; lastKnownFileType = file.storyboard; path = ProfileTab.storyboard; sourceTree = "<group>"; };
		4817FA172C08EA2900BE06A8 /* EventFullDetails.storyboard */ = {isa = PBXFileReference; lastKnownFileType = file.storyboard; path = EventFullDetails.storyboard; sourceTree = "<group>"; };
		4866D7C72C08ECD9007E0279 /* EventFullDetailsViewController.swift */ = {isa = PBXFileReference; lastKnownFileType = sourcecode.swift; path = EventFullDetailsViewController.swift; sourceTree = "<group>"; };
		487A828B2BFE2F1A004AF22A /* DetailsTableViewCell.swift */ = {isa = PBXFileReference; fileEncoding = 4; lastKnownFileType = sourcecode.swift; path = DetailsTableViewCell.swift; sourceTree = "<group>"; };
		487A828C2BFE2F1A004AF22A /* DetailsTableViewController.swift */ = {isa = PBXFileReference; fileEncoding = 4; lastKnownFileType = sourcecode.swift; path = DetailsTableViewController.swift; sourceTree = "<group>"; };
		487A828D2BFE2F1A004AF22A /* itemDetails.storyboard */ = {isa = PBXFileReference; fileEncoding = 4; lastKnownFileType = file.storyboard; path = itemDetails.storyboard; sourceTree = "<group>"; };
		4881AA812BFF5DA2008052DF /* EventSugeestions.storyboard */ = {isa = PBXFileReference; lastKnownFileType = file.storyboard; path = EventSugeestions.storyboard; sourceTree = "<group>"; };
		4881AA852BFF6672008052DF /* EventSuggestionsViewController.swift */ = {isa = PBXFileReference; lastKnownFileType = sourcecode.swift; path = EventSuggestionsViewController.swift; sourceTree = "<group>"; };
		4881AA872BFF6ADC008052DF /* SuggestionsTag.xib */ = {isa = PBXFileReference; lastKnownFileType = file.xib; path = SuggestionsTag.xib; sourceTree = "<group>"; };
		4881AA892BFF6B70008052DF /* EventSuggestionsTagCollectionViewCell.swift */ = {isa = PBXFileReference; lastKnownFileType = sourcecode.swift; path = EventSuggestionsTagCollectionViewCell.swift; sourceTree = "<group>"; };
		4881AA8B2BFF6C14008052DF /* SuggestionOutfits.xib */ = {isa = PBXFileReference; lastKnownFileType = file.xib; path = SuggestionOutfits.xib; sourceTree = "<group>"; };
		4881AA8D2BFF6C8D008052DF /* EventSuggestionOutfitsCollectionViewCell.swift */ = {isa = PBXFileReference; lastKnownFileType = sourcecode.swift; path = EventSuggestionOutfitsCollectionViewCell.swift; sourceTree = "<group>"; };
		48D67B522C03534A0096A520 /* ProfileTabViewController.swift */ = {isa = PBXFileReference; lastKnownFileType = sourcecode.swift; path = ProfileTabViewController.swift; sourceTree = "<group>"; };
		674274532BF61665001304A8 /* Home.storyboard */ = {isa = PBXFileReference; lastKnownFileType = file.storyboard; path = Home.storyboard; sourceTree = "<group>"; };
		674274552BF6168D001304A8 /* Calendar.storyboard */ = {isa = PBXFileReference; lastKnownFileType = file.storyboard; path = Calendar.storyboard; sourceTree = "<group>"; };
		674274572BF6169D001304A8 /* Wardrobe.storyboard */ = {isa = PBXFileReference; lastKnownFileType = file.storyboard; path = Wardrobe.storyboard; sourceTree = "<group>"; };
		674274592BF617B6001304A8 /* HomeViewController.swift */ = {isa = PBXFileReference; lastKnownFileType = sourcecode.swift; path = HomeViewController.swift; sourceTree = "<group>"; };
		6742745B2BF617E3001304A8 /* CalendarViewController.swift */ = {isa = PBXFileReference; lastKnownFileType = sourcecode.swift; path = CalendarViewController.swift; sourceTree = "<group>"; };
		6742745D2BF617F5001304A8 /* WardrobeViewController.swift */ = {isa = PBXFileReference; lastKnownFileType = sourcecode.swift; path = WardrobeViewController.swift; sourceTree = "<group>"; };
		677FAA162C03D0A900E2C783 /* FavouritesViewController.swift */ = {isa = PBXFileReference; lastKnownFileType = sourcecode.swift; path = FavouritesViewController.swift; sourceTree = "<group>"; };
		679E64992BFF925500CB211F /* WardrobeTagCollectionViewCell.swift */ = {isa = PBXFileReference; lastKnownFileType = sourcecode.swift; path = WardrobeTagCollectionViewCell.swift; sourceTree = "<group>"; };
		67A285E92C022F900086997B /* MainDataModel.swift */ = {isa = PBXFileReference; lastKnownFileType = sourcecode.swift; path = MainDataModel.swift; sourceTree = "<group>"; };
		67A3E4E42C00596500CC5880 /* WardrobeApparel.xib */ = {isa = PBXFileReference; lastKnownFileType = file.xib; path = WardrobeApparel.xib; sourceTree = "<group>"; };
		67A3E4E62C0059F200CC5880 /* WardrobeApparelCollectionViewCell.swift */ = {isa = PBXFileReference; lastKnownFileType = sourcecode.swift; path = WardrobeApparelCollectionViewCell.swift; sourceTree = "<group>"; };
		67A3E4E82C0063D600CC5880 /* WardrobeTag.xib */ = {isa = PBXFileReference; lastKnownFileType = file.xib; path = WardrobeTag.xib; sourceTree = "<group>"; };
		B12D51722BF67BC8002324F4 /* SuggestionViewController.swift */ = {isa = PBXFileReference; lastKnownFileType = sourcecode.swift; path = SuggestionViewController.swift; sourceTree = "<group>"; };
		B12D51762BF68197002324F4 /* CardCell.swift */ = {isa = PBXFileReference; lastKnownFileType = sourcecode.swift; path = CardCell.swift; sourceTree = "<group>"; };
		B15F21332C05303B00C46793 /* EventDetails.storyboard */ = {isa = PBXFileReference; lastKnownFileType = file.storyboard; path = EventDetails.storyboard; sourceTree = "<group>"; };
		B19994322C0597FA0045ADD1 /* EventCell.xib */ = {isa = PBXFileReference; lastKnownFileType = file.xib; path = EventCell.xib; sourceTree = "<group>"; };
		B19994342C05A96B0045ADD1 /* EventCollectionViewCell.swift */ = {isa = PBXFileReference; lastKnownFileType = sourcecode.swift; path = EventCollectionViewCell.swift; sourceTree = "<group>"; };
		B19994362C05B0980045ADD1 /* EventsPageViewController.swift */ = {isa = PBXFileReference; lastKnownFileType = sourcecode.swift; path = EventsPageViewController.swift; sourceTree = "<group>"; };
		B19994382C05B7430045ADD1 /* eventsData.swift */ = {isa = PBXFileReference; lastKnownFileType = sourcecode.swift; path = eventsData.swift; sourceTree = "<group>"; };
		B1BFFAE42C023ACA00B2EC9B /* BagPacker.storyboard */ = {isa = PBXFileReference; fileEncoding = 4; lastKnownFileType = file.storyboard; path = BagPacker.storyboard; sourceTree = "<group>"; };
		B1BFFAE52C023ACA00B2EC9B /* clothesCell.xib */ = {isa = PBXFileReference; fileEncoding = 4; lastKnownFileType = file.xib; path = clothesCell.xib; sourceTree = "<group>"; };
		B1BFFAE62C023ACA00B2EC9B /* ClothesCellCollectionViewCell.swift */ = {isa = PBXFileReference; fileEncoding = 4; lastKnownFileType = sourcecode.swift; path = ClothesCellCollectionViewCell.swift; sourceTree = "<group>"; };
		B1BFFAE72C023ACA00B2EC9B /* ClothesCellViewController.swift */ = {isa = PBXFileReference; fileEncoding = 4; lastKnownFileType = sourcecode.swift; path = ClothesCellViewController.swift; sourceTree = "<group>"; };
		B1BFFAE82C023ACA00B2EC9B /* BagPackerDataModel.swift */ = {isa = PBXFileReference; fileEncoding = 4; lastKnownFileType = sourcecode.swift; path = BagPackerDataModel.swift; sourceTree = "<group>"; };
		B1D8004B2C0376D70081F999 /* BagPackerDetailCollectionViewCell.xib */ = {isa = PBXFileReference; lastKnownFileType = file.xib; path = BagPackerDetailCollectionViewCell.xib; sourceTree = "<group>"; };
		B1D8004D2C0379DD0081F999 /* BagPackerDetailCollectionViewCell.swift */ = {isa = PBXFileReference; lastKnownFileType = sourcecode.swift; path = BagPackerDetailCollectionViewCell.swift; sourceTree = "<group>"; };
		B1D8004F2C03AFF00081F999 /* BagPackerDetailViewController.swift */ = {isa = PBXFileReference; lastKnownFileType = sourcecode.swift; path = BagPackerDetailViewController.swift; sourceTree = "<group>"; };
		BC06A9172BFF60860071F6FE /* MixMatchViewController.swift */ = {isa = PBXFileReference; lastKnownFileType = sourcecode.swift; path = MixMatchViewController.swift; sourceTree = "<group>"; };
		BC06A9192BFF60980071F6FE /* MixAndMatch.storyboard */ = {isa = PBXFileReference; lastKnownFileType = file.storyboard; path = MixAndMatch.storyboard; sourceTree = "<group>"; };
		BC11BC6F2BFB6AE50093DDBE /* footer.xib */ = {isa = PBXFileReference; lastKnownFileType = file.xib; path = footer.xib; sourceTree = "<group>"; };
		BC11BC712BFB6AF00093DDBE /* header.xib */ = {isa = PBXFileReference; lastKnownFileType = file.xib; path = header.xib; sourceTree = "<group>"; };
		BC11BC732BFB6AFA0093DDBE /* image.xib */ = {isa = PBXFileReference; lastKnownFileType = file.xib; path = image.xib; sourceTree = "<group>"; };
		BC11BC772BFB6B220093DDBE /* footerCollectionViewCell.swift */ = {isa = PBXFileReference; lastKnownFileType = sourcecode.swift; path = footerCollectionViewCell.swift; sourceTree = "<group>"; };
		BC11BC792BFB6B2C0093DDBE /* headerCollectionViewCell.swift */ = {isa = PBXFileReference; lastKnownFileType = sourcecode.swift; path = headerCollectionViewCell.swift; sourceTree = "<group>"; };
		BC11BC7B2BFB6B340093DDBE /* imageCollectionViewCell.swift */ = {isa = PBXFileReference; lastKnownFileType = sourcecode.swift; name = imageCollectionViewCell.swift; path = Armoire/Dashboard/imageCollectionViewCell.swift; sourceTree = SOURCE_ROOT; };
		BC11BC7D2BFB70530093DDBE /* HomeModel.swift */ = {isa = PBXFileReference; lastKnownFileType = sourcecode.swift; path = HomeModel.swift; sourceTree = "<group>"; };
		BC28A2F42C011F02009B833E /* OneImageHome.xib */ = {isa = PBXFileReference; lastKnownFileType = file.xib; path = OneImageHome.xib; sourceTree = "<group>"; };
		BC28A2F62C012089009B833E /* oneImageCVC.swift */ = {isa = PBXFileReference; lastKnownFileType = sourcecode.swift; path = oneImageCVC.swift; sourceTree = "<group>"; };
		BCCEF7EE2BFD244A00DDC726 /* CompatibilityViewController.swift */ = {isa = PBXFileReference; lastKnownFileType = sourcecode.swift; path = CompatibilityViewController.swift; sourceTree = "<group>"; };
/* End PBXFileReference section */

/* Begin PBXFrameworksBuildPhase section */
		0A546A192BED34C6004EBA3D /* Frameworks */ = {
			isa = PBXFrameworksBuildPhase;
			buildActionMask = 2147483647;
			files = (
			);
			runOnlyForDeploymentPostprocessing = 0;
		};
/* End PBXFrameworksBuildPhase section */

/* Begin PBXGroup section */
		05B9922D2C05CDCC00EAC5C8 /* Dashboard */ = {
			isa = PBXGroup;
			children = (
				BC11BC7D2BFB70530093DDBE /* HomeModel.swift */,
				674274592BF617B6001304A8 /* HomeViewController.swift */,
				BCCEF7EE2BFD244A00DDC726 /* CompatibilityViewController.swift */,
				674274532BF61665001304A8 /* Home.storyboard */,
				BC11BC792BFB6B2C0093DDBE /* headerCollectionViewCell.swift */,
				BC11BC712BFB6AF00093DDBE /* header.xib */,
				BC11BC7B2BFB6B340093DDBE /* imageCollectionViewCell.swift */,
				BC11BC732BFB6AFA0093DDBE /* image.xib */,
				BC28A2F62C012089009B833E /* oneImageCVC.swift */,
				BC28A2F42C011F02009B833E /* OneImageHome.xib */,
				BC11BC772BFB6B220093DDBE /* footerCollectionViewCell.swift */,
				BC11BC6F2BFB6AE50093DDBE /* footer.xib */,
			);
			path = Dashboard;
			sourceTree = "<group>";
		};
		0A546A132BED34C6004EBA3D = {
			isa = PBXGroup;
			children = (
				0A546A1E2BED34C6004EBA3D /* Armoire */,
				0A546A1D2BED34C6004EBA3D /* Products */,
				BC11BC6D2BFB6A770093DDBE /* Recovered References */,
			);
			sourceTree = "<group>";
		};
		0A546A1D2BED34C6004EBA3D /* Products */ = {
			isa = PBXGroup;
			children = (
				0A546A1C2BED34C6004EBA3D /* Armoire.app */,
			);
			name = Products;
			sourceTree = "<group>";
		};
		0A546A1E2BED34C6004EBA3D /* Armoire */ = {
			isa = PBXGroup;
			children = (
				67A285E92C022F900086997B /* MainDataModel.swift */,
				B15F21322C05300800C46793 /* EventDetails */,
				B1BFFAE92C023ACA00B2EC9B /* BagPacker */,
				05B9922D2C05CDCC00EAC5C8 /* Dashboard */,
				487A828E2BFE2F1A004AF22A /* itemDetails */,
				0A546A1F2BED34C6004EBA3D /* AppDelegate.swift */,
				0A546A212BED34C6004EBA3D /* SceneDelegate.swift */,
				0A546A232BED34C6004EBA3D /* ViewController.swift */,
				B12D51722BF67BC8002324F4 /* SuggestionViewController.swift */,
				B12D51762BF68197002324F4 /* CardCell.swift */,
				0A546A252BED34C6004EBA3D /* Main.storyboard */,
				48B68BA62BF6A90700D9F0E7 /* Calendar */,
				67F5042D2BFF8EE100FBB7A3 /* Wardrobe */,
				BC06A9172BFF60860071F6FE /* MixMatchViewController.swift */,
				BC06A9192BFF60980071F6FE /* MixAndMatch.storyboard */,
				0A546A282BED34C7004EBA3D /* Assets.xcassets */,
				0A546A2A2BED34C7004EBA3D /* LaunchScreen.storyboard */,
				0A546A2D2BED34C7004EBA3D /* Info.plist */,
			);
			path = Armoire;
			sourceTree = "<group>";
		};
		487A828E2BFE2F1A004AF22A /* itemDetails */ = {
			isa = PBXGroup;
			children = (
				487A828B2BFE2F1A004AF22A /* DetailsTableViewCell.swift */,
				487A828C2BFE2F1A004AF22A /* DetailsTableViewController.swift */,
				487A828D2BFE2F1A004AF22A /* itemDetails.storyboard */,
			);
			path = itemDetails;
			sourceTree = "<group>";
		};
		48B68BA62BF6A90700D9F0E7 /* Calendar */ = {
			isa = PBXGroup;
			children = (
				4804B2F82C01D55E00FAC9A3 /* ProfileTab.storyboard */,
				48D67B522C03534A0096A520 /* ProfileTabViewController.swift */,
				674274552BF6168D001304A8 /* Calendar.storyboard */,
				4881AA812BFF5DA2008052DF /* EventSugeestions.storyboard */,
				4881AA852BFF6672008052DF /* EventSuggestionsViewController.swift */,
				4881AA8B2BFF6C14008052DF /* SuggestionOutfits.xib */,
				4881AA8D2BFF6C8D008052DF /* EventSuggestionOutfitsCollectionViewCell.swift */,
				4881AA892BFF6B70008052DF /* EventSuggestionsTagCollectionViewCell.swift */,
				4881AA872BFF6ADC008052DF /* SuggestionsTag.xib */,
				6742745B2BF617E3001304A8 /* CalendarViewController.swift */,
			);
			path = Calendar;
			sourceTree = "<group>";
		};
		67F5042D2BFF8EE100FBB7A3 /* Wardrobe */ = {
			isa = PBXGroup;
			children = (
				674274572BF6169D001304A8 /* Wardrobe.storyboard */,
				6742745D2BF617F5001304A8 /* WardrobeViewController.swift */,
				67A3E4E82C0063D600CC5880 /* WardrobeTag.xib */,
				679E64992BFF925500CB211F /* WardrobeTagCollectionViewCell.swift */,
				67A3E4E42C00596500CC5880 /* WardrobeApparel.xib */,
				67A3E4E62C0059F200CC5880 /* WardrobeApparelCollectionViewCell.swift */,
				677FAA162C03D0A900E2C783 /* FavouritesViewController.swift */,
			);
			path = Wardrobe;
			sourceTree = "<group>";
		};
		B15F21322C05300800C46793 /* EventDetails */ = {
			isa = PBXGroup;
			children = (
				B15F21332C05303B00C46793 /* EventDetails.storyboard */,
				B19994322C0597FA0045ADD1 /* EventCell.xib */,
				B19994342C05A96B0045ADD1 /* EventCollectionViewCell.swift */,
				B19994362C05B0980045ADD1 /* EventsPageViewController.swift */,
				B19994382C05B7430045ADD1 /* eventsData.swift */,
				4817FA172C08EA2900BE06A8 /* EventFullDetails.storyboard */,
				4866D7C72C08ECD9007E0279 /* EventFullDetailsViewController.swift */,
			);
			path = EventDetails;
			sourceTree = "<group>";
		};
		B1BFFAE92C023ACA00B2EC9B /* BagPacker */ = {
			isa = PBXGroup;
			children = (
				B1BFFAE42C023ACA00B2EC9B /* BagPacker.storyboard */,
				B1BFFAE52C023ACA00B2EC9B /* clothesCell.xib */,
				B1BFFAE62C023ACA00B2EC9B /* ClothesCellCollectionViewCell.swift */,
				B1D8004F2C03AFF00081F999 /* BagPackerDetailViewController.swift */,
				B1BFFAE72C023ACA00B2EC9B /* ClothesCellViewController.swift */,
				B1D8004B2C0376D70081F999 /* BagPackerDetailCollectionViewCell.xib */,
				B1D8004D2C0379DD0081F999 /* BagPackerDetailCollectionViewCell.swift */,
				B1BFFAE82C023ACA00B2EC9B /* BagPackerDataModel.swift */,
			);
			path = BagPacker;
			sourceTree = "<group>";
		};
		BC11BC6D2BFB6A770093DDBE /* Recovered References */ = {
			isa = PBXGroup;
			children = (
			);
			name = "Recovered References";
			sourceTree = "<group>";
		};
/* End PBXGroup section */

/* Begin PBXNativeTarget section */
		0A546A1B2BED34C6004EBA3D /* Armoire */ = {
			isa = PBXNativeTarget;
			buildConfigurationList = 0A546A302BED34C7004EBA3D /* Build configuration list for PBXNativeTarget "Armoire" */;
			buildPhases = (
				0A546A182BED34C6004EBA3D /* Sources */,
				0A546A192BED34C6004EBA3D /* Frameworks */,
				0A546A1A2BED34C6004EBA3D /* Resources */,
			);
			buildRules = (
			);
			dependencies = (
			);
			name = Armoire;
			productName = Armoire;
			productReference = 0A546A1C2BED34C6004EBA3D /* Armoire.app */;
			productType = "com.apple.product-type.application";
		};
/* End PBXNativeTarget section */

/* Begin PBXProject section */
		0A546A142BED34C6004EBA3D /* Project object */ = {
			isa = PBXProject;
			attributes = {
				BuildIndependentTargetsInParallel = 1;
				LastSwiftUpdateCheck = 1530;
				LastUpgradeCheck = 1530;
				TargetAttributes = {
					0A546A1B2BED34C6004EBA3D = {
						CreatedOnToolsVersion = 15.3;
					};
				};
			};
			buildConfigurationList = 0A546A172BED34C6004EBA3D /* Build configuration list for PBXProject "Armoire" */;
			compatibilityVersion = "Xcode 14.0";
			developmentRegion = en;
			hasScannedForEncodings = 0;
			knownRegions = (
				en,
				Base,
			);
			mainGroup = 0A546A132BED34C6004EBA3D;
			productRefGroup = 0A546A1D2BED34C6004EBA3D /* Products */;
			projectDirPath = "";
			projectRoot = "";
			targets = (
				0A546A1B2BED34C6004EBA3D /* Armoire */,
			);
		};
/* End PBXProject section */

/* Begin PBXResourcesBuildPhase section */
		0A546A1A2BED34C6004EBA3D /* Resources */ = {
			isa = PBXResourcesBuildPhase;
			buildActionMask = 2147483647;
			files = (
				4881AA8C2BFF6C14008052DF /* SuggestionOutfits.xib in Resources */,
				0A546A292BED34C7004EBA3D /* Assets.xcassets in Resources */,
				BC06A91A2BFF60980071F6FE /* MixAndMatch.storyboard in Resources */,
				BC28A2F52C011F02009B833E /* OneImageHome.xib in Resources */,
				0A546A2C2BED34C7004EBA3D /* Base in Resources */,
				4817FA182C08EA2900BE06A8 /* EventFullDetails.storyboard in Resources */,
				B1BFFAEB2C023ACA00B2EC9B /* clothesCell.xib in Resources */,
				0A546A272BED34C6004EBA3D /* Base in Resources */,
				4881AA822BFF5DA2008052DF /* EventSugeestions.storyboard in Resources */,
				B15F21342C05303B00C46793 /* EventDetails.storyboard in Resources */,
				BC11BC702BFB6AE50093DDBE /* footer.xib in Resources */,
				BC11BC722BFB6AF00093DDBE /* header.xib in Resources */,
				674274562BF6168D001304A8 /* Calendar.storyboard in Resources */,
				B1D8004C2C0376D70081F999 /* BagPackerDetailCollectionViewCell.xib in Resources */,
				674274582BF6169D001304A8 /* Wardrobe.storyboard in Resources */,
				67A3E4E52C00596500CC5880 /* WardrobeApparel.xib in Resources */,
				4804B2F92C01D55E00FAC9A3 /* ProfileTab.storyboard in Resources */,
				674274542BF61665001304A8 /* Home.storyboard in Resources */,
				B1BFFAEA2C023ACA00B2EC9B /* BagPacker.storyboard in Resources */,
				B19994332C0597FA0045ADD1 /* EventCell.xib in Resources */,
				487A82912BFE2F1A004AF22A /* itemDetails.storyboard in Resources */,
				67A3E4E92C0063D600CC5880 /* WardrobeTag.xib in Resources */,
				4881AA882BFF6ADC008052DF /* SuggestionsTag.xib in Resources */,
				BC11BC742BFB6AFA0093DDBE /* image.xib in Resources */,
			);
			runOnlyForDeploymentPostprocessing = 0;
		};
/* End PBXResourcesBuildPhase section */

/* Begin PBXSourcesBuildPhase section */
		0A546A182BED34C6004EBA3D /* Sources */ = {
			isa = PBXSourcesBuildPhase;
			buildActionMask = 2147483647;
			files = (
				B12D51732BF67BC8002324F4 /* SuggestionViewController.swift in Sources */,
				B19994352C05A96B0045ADD1 /* EventCollectionViewCell.swift in Sources */,
				487A828F2BFE2F1A004AF22A /* DetailsTableViewCell.swift in Sources */,
				BC06A9182BFF60860071F6FE /* MixMatchViewController.swift in Sources */,
				67A285EA2C022F900086997B /* MainDataModel.swift in Sources */,
				6742745C2BF617E3001304A8 /* CalendarViewController.swift in Sources */,
				BC11BC7C2BFB6B340093DDBE /* imageCollectionViewCell.swift in Sources */,
				4881AA8A2BFF6B70008052DF /* EventSuggestionsTagCollectionViewCell.swift in Sources */,
				B1BFFAEE2C023ACA00B2EC9B /* BagPackerDataModel.swift in Sources */,
				4866D7C82C08ECD9007E0279 /* EventFullDetailsViewController.swift in Sources */,
				487A82902BFE2F1A004AF22A /* DetailsTableViewController.swift in Sources */,
				4881AA8E2BFF6C8D008052DF /* EventSuggestionOutfitsCollectionViewCell.swift in Sources */,
				0A546A242BED34C6004EBA3D /* ViewController.swift in Sources */,
				B12D51772BF68197002324F4 /* CardCell.swift in Sources */,
				6742745E2BF617F5001304A8 /* WardrobeViewController.swift in Sources */,
				B1BFFAED2C023ACA00B2EC9B /* ClothesCellViewController.swift in Sources */,
				B1D800502C03AFF00081F999 /* BagPackerDetailViewController.swift in Sources */,
				BC11BC7A2BFB6B2C0093DDBE /* headerCollectionViewCell.swift in Sources */,
				BC11BC782BFB6B220093DDBE /* footerCollectionViewCell.swift in Sources */,
				BC11BC7E2BFB70530093DDBE /* HomeModel.swift in Sources */,
				679E649A2BFF925500CB211F /* WardrobeTagCollectionViewCell.swift in Sources */,
				4881AA862BFF6672008052DF /* EventSuggestionsViewController.swift in Sources */,
				B1BFFAEC2C023ACA00B2EC9B /* ClothesCellCollectionViewCell.swift in Sources */,
				B19994372C05B0980045ADD1 /* EventsPageViewController.swift in Sources */,
				677FAA172C03D0A900E2C783 /* FavouritesViewController.swift in Sources */,
				0A546A202BED34C6004EBA3D /* AppDelegate.swift in Sources */,
				BC28A2F72C012089009B833E /* oneImageCVC.swift in Sources */,
				0A546A222BED34C6004EBA3D /* SceneDelegate.swift in Sources */,
				67A3E4E72C0059F200CC5880 /* WardrobeApparelCollectionViewCell.swift in Sources */,
				6742745A2BF617B6001304A8 /* HomeViewController.swift in Sources */,
				B19994392C05B7430045ADD1 /* eventsData.swift in Sources */,
				B1D8004E2C0379DD0081F999 /* BagPackerDetailCollectionViewCell.swift in Sources */,
				48D67B532C03534A0096A520 /* ProfileTabViewController.swift in Sources */,
				BCCEF7EF2BFD244A00DDC726 /* CompatibilityViewController.swift in Sources */,
			);
			runOnlyForDeploymentPostprocessing = 0;
		};
/* End PBXSourcesBuildPhase section */

/* Begin PBXVariantGroup section */
		0A546A252BED34C6004EBA3D /* Main.storyboard */ = {
			isa = PBXVariantGroup;
			children = (
				0A546A262BED34C6004EBA3D /* Base */,
			);
			name = Main.storyboard;
			sourceTree = "<group>";
		};
		0A546A2A2BED34C7004EBA3D /* LaunchScreen.storyboard */ = {
			isa = PBXVariantGroup;
			children = (
				0A546A2B2BED34C7004EBA3D /* Base */,
			);
			name = LaunchScreen.storyboard;
			sourceTree = "<group>";
		};
/* End PBXVariantGroup section */

/* Begin XCBuildConfiguration section */
		0A546A2E2BED34C7004EBA3D /* Debug */ = {
			isa = XCBuildConfiguration;
			buildSettings = {
				ALWAYS_SEARCH_USER_PATHS = NO;
				ASSETCATALOG_COMPILER_GENERATE_SWIFT_ASSET_SYMBOL_EXTENSIONS = YES;
				CLANG_ANALYZER_NONNULL = YES;
				CLANG_ANALYZER_NUMBER_OBJECT_CONVERSION = YES_AGGRESSIVE;
				CLANG_CXX_LANGUAGE_STANDARD = "gnu++20";
				CLANG_ENABLE_MODULES = YES;
				CLANG_ENABLE_OBJC_ARC = YES;
				CLANG_ENABLE_OBJC_WEAK = YES;
				CLANG_WARN_BLOCK_CAPTURE_AUTORELEASING = YES;
				CLANG_WARN_BOOL_CONVERSION = YES;
				CLANG_WARN_COMMA = YES;
				CLANG_WARN_CONSTANT_CONVERSION = YES;
				CLANG_WARN_DEPRECATED_OBJC_IMPLEMENTATIONS = YES;
				CLANG_WARN_DIRECT_OBJC_ISA_USAGE = YES_ERROR;
				CLANG_WARN_DOCUMENTATION_COMMENTS = YES;
				CLANG_WARN_EMPTY_BODY = YES;
				CLANG_WARN_ENUM_CONVERSION = YES;
				CLANG_WARN_INFINITE_RECURSION = YES;
				CLANG_WARN_INT_CONVERSION = YES;
				CLANG_WARN_NON_LITERAL_NULL_CONVERSION = YES;
				CLANG_WARN_OBJC_IMPLICIT_RETAIN_SELF = YES;
				CLANG_WARN_OBJC_LITERAL_CONVERSION = YES;
				CLANG_WARN_OBJC_ROOT_CLASS = YES_ERROR;
				CLANG_WARN_QUOTED_INCLUDE_IN_FRAMEWORK_HEADER = YES;
				CLANG_WARN_RANGE_LOOP_ANALYSIS = YES;
				CLANG_WARN_STRICT_PROTOTYPES = YES;
				CLANG_WARN_SUSPICIOUS_MOVE = YES;
				CLANG_WARN_UNGUARDED_AVAILABILITY = YES_AGGRESSIVE;
				CLANG_WARN_UNREACHABLE_CODE = YES;
				CLANG_WARN__DUPLICATE_METHOD_MATCH = YES;
				COPY_PHASE_STRIP = NO;
				DEBUG_INFORMATION_FORMAT = dwarf;
				ENABLE_STRICT_OBJC_MSGSEND = YES;
				ENABLE_TESTABILITY = YES;
				ENABLE_USER_SCRIPT_SANDBOXING = YES;
				GCC_C_LANGUAGE_STANDARD = gnu17;
				GCC_DYNAMIC_NO_PIC = NO;
				GCC_NO_COMMON_BLOCKS = YES;
				GCC_OPTIMIZATION_LEVEL = 0;
				GCC_PREPROCESSOR_DEFINITIONS = (
					"DEBUG=1",
					"$(inherited)",
				);
				GCC_WARN_64_TO_32_BIT_CONVERSION = YES;
				GCC_WARN_ABOUT_RETURN_TYPE = YES_ERROR;
				GCC_WARN_UNDECLARED_SELECTOR = YES;
				GCC_WARN_UNINITIALIZED_AUTOS = YES_AGGRESSIVE;
				GCC_WARN_UNUSED_FUNCTION = YES;
				GCC_WARN_UNUSED_VARIABLE = YES;
				IPHONEOS_DEPLOYMENT_TARGET = 17.4;
				LOCALIZATION_PREFERS_STRING_CATALOGS = YES;
				MTL_ENABLE_DEBUG_INFO = INCLUDE_SOURCE;
				MTL_FAST_MATH = YES;
				ONLY_ACTIVE_ARCH = YES;
				SDKROOT = iphoneos;
				SWIFT_ACTIVE_COMPILATION_CONDITIONS = "DEBUG $(inherited)";
				SWIFT_OPTIMIZATION_LEVEL = "-Onone";
			};
			name = Debug;
		};
		0A546A2F2BED34C7004EBA3D /* Release */ = {
			isa = XCBuildConfiguration;
			buildSettings = {
				ALWAYS_SEARCH_USER_PATHS = NO;
				ASSETCATALOG_COMPILER_GENERATE_SWIFT_ASSET_SYMBOL_EXTENSIONS = YES;
				CLANG_ANALYZER_NONNULL = YES;
				CLANG_ANALYZER_NUMBER_OBJECT_CONVERSION = YES_AGGRESSIVE;
				CLANG_CXX_LANGUAGE_STANDARD = "gnu++20";
				CLANG_ENABLE_MODULES = YES;
				CLANG_ENABLE_OBJC_ARC = YES;
				CLANG_ENABLE_OBJC_WEAK = YES;
				CLANG_WARN_BLOCK_CAPTURE_AUTORELEASING = YES;
				CLANG_WARN_BOOL_CONVERSION = YES;
				CLANG_WARN_COMMA = YES;
				CLANG_WARN_CONSTANT_CONVERSION = YES;
				CLANG_WARN_DEPRECATED_OBJC_IMPLEMENTATIONS = YES;
				CLANG_WARN_DIRECT_OBJC_ISA_USAGE = YES_ERROR;
				CLANG_WARN_DOCUMENTATION_COMMENTS = YES;
				CLANG_WARN_EMPTY_BODY = YES;
				CLANG_WARN_ENUM_CONVERSION = YES;
				CLANG_WARN_INFINITE_RECURSION = YES;
				CLANG_WARN_INT_CONVERSION = YES;
				CLANG_WARN_NON_LITERAL_NULL_CONVERSION = YES;
				CLANG_WARN_OBJC_IMPLICIT_RETAIN_SELF = YES;
				CLANG_WARN_OBJC_LITERAL_CONVERSION = YES;
				CLANG_WARN_OBJC_ROOT_CLASS = YES_ERROR;
				CLANG_WARN_QUOTED_INCLUDE_IN_FRAMEWORK_HEADER = YES;
				CLANG_WARN_RANGE_LOOP_ANALYSIS = YES;
				CLANG_WARN_STRICT_PROTOTYPES = YES;
				CLANG_WARN_SUSPICIOUS_MOVE = YES;
				CLANG_WARN_UNGUARDED_AVAILABILITY = YES_AGGRESSIVE;
				CLANG_WARN_UNREACHABLE_CODE = YES;
				CLANG_WARN__DUPLICATE_METHOD_MATCH = YES;
				COPY_PHASE_STRIP = NO;
				DEBUG_INFORMATION_FORMAT = "dwarf-with-dsym";
				ENABLE_NS_ASSERTIONS = NO;
				ENABLE_STRICT_OBJC_MSGSEND = YES;
				ENABLE_USER_SCRIPT_SANDBOXING = YES;
				GCC_C_LANGUAGE_STANDARD = gnu17;
				GCC_NO_COMMON_BLOCKS = YES;
				GCC_WARN_64_TO_32_BIT_CONVERSION = YES;
				GCC_WARN_ABOUT_RETURN_TYPE = YES_ERROR;
				GCC_WARN_UNDECLARED_SELECTOR = YES;
				GCC_WARN_UNINITIALIZED_AUTOS = YES_AGGRESSIVE;
				GCC_WARN_UNUSED_FUNCTION = YES;
				GCC_WARN_UNUSED_VARIABLE = YES;
				IPHONEOS_DEPLOYMENT_TARGET = 17.4;
				LOCALIZATION_PREFERS_STRING_CATALOGS = YES;
				MTL_ENABLE_DEBUG_INFO = NO;
				MTL_FAST_MATH = YES;
				SDKROOT = iphoneos;
				SWIFT_COMPILATION_MODE = wholemodule;
				VALIDATE_PRODUCT = YES;
			};
			name = Release;
		};
		0A546A312BED34C7004EBA3D /* Debug */ = {
			isa = XCBuildConfiguration;
			buildSettings = {
				ASSETCATALOG_COMPILER_APPICON_NAME = AppIcon;
				ASSETCATALOG_COMPILER_GLOBAL_ACCENT_COLOR_NAME = AccentColor;
				CODE_SIGN_STYLE = Automatic;
				CURRENT_PROJECT_VERSION = 1;
				DEVELOPMENT_TEAM = QZMU65G2C8;
				GENERATE_INFOPLIST_FILE = YES;
				INFOPLIST_FILE = Armoire/Info.plist;
				INFOPLIST_KEY_NSCalendarsUsageDescription = "Please allow acces to see stuf";
				INFOPLIST_KEY_UIApplicationSupportsIndirectInputEvents = YES;
				INFOPLIST_KEY_UILaunchStoryboardName = LaunchScreen;
				INFOPLIST_KEY_UIMainStoryboardFile = Main;
				INFOPLIST_KEY_UISupportedInterfaceOrientations_iPad = "UIInterfaceOrientationPortrait UIInterfaceOrientationPortraitUpsideDown UIInterfaceOrientationLandscapeLeft UIInterfaceOrientationLandscapeRight";
				INFOPLIST_KEY_UISupportedInterfaceOrientations_iPhone = "UIInterfaceOrientationPortrait UIInterfaceOrientationLandscapeLeft UIInterfaceOrientationLandscapeRight";
				IPHONEOS_DEPLOYMENT_TARGET = 17.0;
				LD_RUNPATH_SEARCH_PATHS = (
					"$(inherited)",
					"@executable_path/Frameworks",
				);
				MARKETING_VERSION = 1.0;
				PRODUCT_BUNDLE_IDENTIFIER = teamggg.Armoire;
				PRODUCT_NAME = "$(TARGET_NAME)";
				SWIFT_EMIT_LOC_STRINGS = YES;
				SWIFT_VERSION = 5.0;
				TARGETED_DEVICE_FAMILY = "1,2";
			};
			name = Debug;
		};
		0A546A322BED34C7004EBA3D /* Release */ = {
			isa = XCBuildConfiguration;
			buildSettings = {
				ASSETCATALOG_COMPILER_APPICON_NAME = AppIcon;
				ASSETCATALOG_COMPILER_GLOBAL_ACCENT_COLOR_NAME = AccentColor;
				CODE_SIGN_STYLE = Automatic;
				CURRENT_PROJECT_VERSION = 1;
				DEVELOPMENT_TEAM = QZMU65G2C8;
				GENERATE_INFOPLIST_FILE = YES;
				INFOPLIST_FILE = Armoire/Info.plist;
				INFOPLIST_KEY_NSCalendarsUsageDescription = "Please allow acces to see stuf";
				INFOPLIST_KEY_UIApplicationSupportsIndirectInputEvents = YES;
				INFOPLIST_KEY_UILaunchStoryboardName = LaunchScreen;
				INFOPLIST_KEY_UIMainStoryboardFile = Main;
				INFOPLIST_KEY_UISupportedInterfaceOrientations_iPad = "UIInterfaceOrientationPortrait UIInterfaceOrientationPortraitUpsideDown UIInterfaceOrientationLandscapeLeft UIInterfaceOrientationLandscapeRight";
				INFOPLIST_KEY_UISupportedInterfaceOrientations_iPhone = "UIInterfaceOrientationPortrait UIInterfaceOrientationLandscapeLeft UIInterfaceOrientationLandscapeRight";
				IPHONEOS_DEPLOYMENT_TARGET = 17.0;
				LD_RUNPATH_SEARCH_PATHS = (
					"$(inherited)",
					"@executable_path/Frameworks",
				);
				MARKETING_VERSION = 1.0;
				PRODUCT_BUNDLE_IDENTIFIER = teamggg.Armoire;
				PRODUCT_NAME = "$(TARGET_NAME)";
				SWIFT_EMIT_LOC_STRINGS = YES;
				SWIFT_VERSION = 5.0;
				TARGETED_DEVICE_FAMILY = "1,2";
			};
			name = Release;
		};
/* End XCBuildConfiguration section */

/* Begin XCConfigurationList section */
		0A546A172BED34C6004EBA3D /* Build configuration list for PBXProject "Armoire" */ = {
			isa = XCConfigurationList;
			buildConfigurations = (
				0A546A2E2BED34C7004EBA3D /* Debug */,
				0A546A2F2BED34C7004EBA3D /* Release */,
			);
			defaultConfigurationIsVisible = 0;
			defaultConfigurationName = Release;
		};
		0A546A302BED34C7004EBA3D /* Build configuration list for PBXNativeTarget "Armoire" */ = {
			isa = XCConfigurationList;
			buildConfigurations = (
				0A546A312BED34C7004EBA3D /* Debug */,
				0A546A322BED34C7004EBA3D /* Release */,
			);
			defaultConfigurationIsVisible = 0;
			defaultConfigurationName = Release;
		};
/* End XCConfigurationList section */
	};
	rootObject = 0A546A142BED34C6004EBA3D /* Project object */;
}
